
Microsoft Visual Studio Solution File, Format Version 12.00
# Visual Studio Version 17
VisualStudioVersion = 17.9.34728.123
MinimumVisualStudioVersion = 10.0.40219.1
Project("{2150E333-8FDC-42A3-9474-1A3956D46DE8}") = "Services", "Services", "{23EAFDB2-B6CE-4B02-BA61-0652D8BC4839}"
EndProject
Project("{2150E333-8FDC-42A3-9474-1A3956D46DE8}") = "Catalog", "Catalog", "{B01E809A-DDF8-465F-9707-E59981232591}"
EndProject
Project("{9A19103F-16F7-4668-BE54-9A1E7A4F7556}") = "FreeCourse.Services.Catalog", "Services\Catalog\FreeCourse.Services.Catalog\FreeCourse.Services.Catalog.csproj", "{216C7135-4C37-4921-87F0-6E908A2F251D}"
EndProject
Project("{2150E333-8FDC-42A3-9474-1A3956D46DE8}") = "Solution Items", "Solution Items", "{F5A5EE69-5DBB-4080-86E4-5252649ED5B4}"
	ProjectSection(SolutionItems) = preProject
		Ports.txt = Ports.txt
	EndProjectSection
EndProject
Project("{2150E333-8FDC-42A3-9474-1A3956D46DE8}") = "Shared", "Shared", "{5279CA61-193A-4503-823C-126E4721B452}"
EndProject
Project("{9A19103F-16F7-4668-BE54-9A1E7A4F7556}") = "FreeCourse.Shared", "Shared\FreeCourse.Shared\FreeCourse.Shared.csproj", "{4A886B16-50FD-4EC5-941D-8912FD70418F}"
EndProject
Project("{2150E333-8FDC-42A3-9474-1A3956D46DE8}") = "IdentityServer", "IdentityServer", "{7FA0DBBD-3CF9-4161-93EC-FFA8D3C27181}"
EndProject
Project("{9A19103F-16F7-4668-BE54-9A1E7A4F7556}") = "FreeCourse.IdentityServer", "IdentityServer\FreeCourse.IdentityServer\FreeCourse.IdentityServer.csproj", "{FCFFE2B5-096C-43FF-9D90-E3133003DBFC}"
EndProject
Project("{2150E333-8FDC-42A3-9474-1A3956D46DE8}") = "PhotoStock", "PhotoStock", "{958F3BC9-8BFD-46D9-A7B5-944DBE6BD50A}"
EndProject
Project("{9A19103F-16F7-4668-BE54-9A1E7A4F7556}") = "FreeCourse.Services.PhotoStock", "Services\PhotoStock\FreeCourse.Services.PhotoStock\FreeCourse.Services.PhotoStock.csproj", "{092F51C4-6470-4049-B092-F331B6C6B9B0}"
EndProject
Project("{2150E333-8FDC-42A3-9474-1A3956D46DE8}") = "Basket", "Basket", "{D9F44860-AB43-4490-AC2E-395F19659C7F}"
EndProject
Project("{9A19103F-16F7-4668-BE54-9A1E7A4F7556}") = "FreeCourse.Services.Basket", "Services\Basket\FreeCourse.Services.Basket\FreeCourse.Services.Basket.csproj", "{6FC08281-E69D-4B1F-BC2C-A5EB9EB345EB}"
EndProject
Project("{2150E333-8FDC-42A3-9474-1A3956D46DE8}") = "Discount", "Discount", "{B378CC68-E720-4794-9F94-8E214BE31E13}"
EndProject
Project("{9A19103F-16F7-4668-BE54-9A1E7A4F7556}") = "FreeCourse.Services.Discount", "Services\Discount\FreeCourse.Services.Discount\FreeCourse.Services.Discount.csproj", "{8BD650B6-A717-41F7-BFBD-91197DBE99B2}"
EndProject
Project("{2150E333-8FDC-42A3-9474-1A3956D46DE8}") = "Order", "Order", "{E46DBF32-023B-4A39-A49F-0C3338658A07}"
EndProject
Project("{9A19103F-16F7-4668-BE54-9A1E7A4F7556}") = "FreeCourse.Services.Order.API", "Services\Order\FreeCourse.Services.Order.API\FreeCourse.Services.Order.API.csproj", "{E6F4A24D-3A3B-4197-B07A-2FE89E89FC72}"
EndProject
Project("{9A19103F-16F7-4668-BE54-9A1E7A4F7556}") = "FreeCourse.Services.Order.Application", "Services\Order\FreeCourse.Services.Order.Application\FreeCourse.Services.Order.Application.csproj", "{938189D3-184B-4970-9E1B-5B7D6E7397AE}"
EndProject
Project("{9A19103F-16F7-4668-BE54-9A1E7A4F7556}") = "FreeCourse.Services.Order.Domain", "Services\Order\FreeCourse.Services.Order.Domain\FreeCourse.Services.Order.Domain.csproj", "{29EEFB37-378F-48C1-8986-CE3E13A14688}"
EndProject
Project("{9A19103F-16F7-4668-BE54-9A1E7A4F7556}") = "FreeCourse.Services.Order.Domain.Core", "Services\Order\FreeCourse.Services.Order.Domain.Core\FreeCourse.Services.Order.Domain.Core.csproj", "{E97AA9EE-E123-437D-89F4-34BBBA93269B}"
EndProject
Project("{9A19103F-16F7-4668-BE54-9A1E7A4F7556}") = "FreeCourse.Services.Order.Infrastructure", "Services\Order\FreeCourse.Services.Order.Infrastructure\FreeCourse.Services.Order.Infrastructure.csproj", "{16CF63D2-0E72-431D-8DDA-9815289AB9C5}"
EndProject
Project("{2150E333-8FDC-42A3-9474-1A3956D46DE8}") = "FakePayment", "FakePayment", "{B204B064-D297-40A5-B322-EA92C81DD11C}"
EndProject
Project("{9A19103F-16F7-4668-BE54-9A1E7A4F7556}") = "FreeCourse.Services.FakePayment", "Services\FakePayment\FreeCourse.Services.FakePayment\FreeCourse.Services.FakePayment.csproj", "{4805C736-02C0-459E-8C19-31F7B1F10DDB}"
EndProject
Project("{2150E333-8FDC-42A3-9474-1A3956D46DE8}") = "Gateways", "Gateways", "{C0A63618-1DF8-41D1-80A5-BC0958F15838}"
EndProject
Project("{9A19103F-16F7-4668-BE54-9A1E7A4F7556}") = "FreeCourse.Gateway", "Gateways\FreeCourse.Gateway\FreeCourse.Gateway.csproj", "{2BE9027C-1BA4-4B4C-84DE-D180A3073ED4}"
EndProject
Global
	GlobalSection(SolutionConfigurationPlatforms) = preSolution
		Debug|Any CPU = Debug|Any CPU
		Release|Any CPU = Release|Any CPU
	EndGlobalSection
	GlobalSection(ProjectConfigurationPlatforms) = postSolution
		{216C7135-4C37-4921-87F0-6E908A2F251D}.Debug|Any CPU.ActiveCfg = Debug|Any CPU
		{216C7135-4C37-4921-87F0-6E908A2F251D}.Debug|Any CPU.Build.0 = Debug|Any CPU
		{216C7135-4C37-4921-87F0-6E908A2F251D}.Release|Any CPU.ActiveCfg = Release|Any CPU
		{216C7135-4C37-4921-87F0-6E908A2F251D}.Release|Any CPU.Build.0 = Release|Any CPU
		{4A886B16-50FD-4EC5-941D-8912FD70418F}.Debug|Any CPU.ActiveCfg = Debug|Any CPU
		{4A886B16-50FD-4EC5-941D-8912FD70418F}.Debug|Any CPU.Build.0 = Debug|Any CPU
		{4A886B16-50FD-4EC5-941D-8912FD70418F}.Release|Any CPU.ActiveCfg = Release|Any CPU
		{4A886B16-50FD-4EC5-941D-8912FD70418F}.Release|Any CPU.Build.0 = Release|Any CPU
		{FCFFE2B5-096C-43FF-9D90-E3133003DBFC}.Debug|Any CPU.ActiveCfg = Debug|Any CPU
		{FCFFE2B5-096C-43FF-9D90-E3133003DBFC}.Debug|Any CPU.Build.0 = Debug|Any CPU
		{FCFFE2B5-096C-43FF-9D90-E3133003DBFC}.Release|Any CPU.ActiveCfg = Release|Any CPU
		{FCFFE2B5-096C-43FF-9D90-E3133003DBFC}.Release|Any CPU.Build.0 = Release|Any CPU
		{092F51C4-6470-4049-B092-F331B6C6B9B0}.Debug|Any CPU.ActiveCfg = Debug|Any CPU
		{092F51C4-6470-4049-B092-F331B6C6B9B0}.Debug|Any CPU.Build.0 = Debug|Any CPU
		{092F51C4-6470-4049-B092-F331B6C6B9B0}.Release|Any CPU.ActiveCfg = Release|Any CPU
		{092F51C4-6470-4049-B092-F331B6C6B9B0}.Release|Any CPU.Build.0 = Release|Any CPU
		{6FC08281-E69D-4B1F-BC2C-A5EB9EB345EB}.Debug|Any CPU.ActiveCfg = Debug|Any CPU
		{6FC08281-E69D-4B1F-BC2C-A5EB9EB345EB}.Debug|Any CPU.Build.0 = Debug|Any CPU
		{6FC08281-E69D-4B1F-BC2C-A5EB9EB345EB}.Release|Any CPU.ActiveCfg = Release|Any CPU
		{6FC08281-E69D-4B1F-BC2C-A5EB9EB345EB}.Release|Any CPU.Build.0 = Release|Any CPU
		{8BD650B6-A717-41F7-BFBD-91197DBE99B2}.Debug|Any CPU.ActiveCfg = Debug|Any CPU
		{8BD650B6-A717-41F7-BFBD-91197DBE99B2}.Debug|Any CPU.Build.0 = Debug|Any CPU
		{8BD650B6-A717-41F7-BFBD-91197DBE99B2}.Release|Any CPU.ActiveCfg = Release|Any CPU
		{8BD650B6-A717-41F7-BFBD-91197DBE99B2}.Release|Any CPU.Build.0 = Release|Any CPU
		{E6F4A24D-3A3B-4197-B07A-2FE89E89FC72}.Debug|Any CPU.ActiveCfg = Debug|Any CPU
		{E6F4A24D-3A3B-4197-B07A-2FE89E89FC72}.Debug|Any CPU.Build.0 = Debug|Any CPU
		{E6F4A24D-3A3B-4197-B07A-2FE89E89FC72}.Release|Any CPU.ActiveCfg = Release|Any CPU
		{E6F4A24D-3A3B-4197-B07A-2FE89E89FC72}.Release|Any CPU.Build.0 = Release|Any CPU
		{938189D3-184B-4970-9E1B-5B7D6E7397AE}.Debug|Any CPU.ActiveCfg = Debug|Any CPU
		{938189D3-184B-4970-9E1B-5B7D6E7397AE}.Debug|Any CPU.Build.0 = Debug|Any CPU
		{938189D3-184B-4970-9E1B-5B7D6E7397AE}.Release|Any CPU.ActiveCfg = Release|Any CPU
		{938189D3-184B-4970-9E1B-5B7D6E7397AE}.Release|Any CPU.Build.0 = Release|Any CPU
		{29EEFB37-378F-48C1-8986-CE3E13A14688}.Debug|Any CPU.ActiveCfg = Debug|Any CPU
		{29EEFB37-378F-48C1-8986-CE3E13A14688}.Debug|Any CPU.Build.0 = Debug|Any CPU
		{29EEFB37-378F-48C1-8986-CE3E13A14688}.Release|Any CPU.ActiveCfg = Release|Any CPU
		{29EEFB37-378F-48C1-8986-CE3E13A14688}.Release|Any CPU.Build.0 = Release|Any CPU
		{E97AA9EE-E123-437D-89F4-34BBBA93269B}.Debug|Any CPU.ActiveCfg = Debug|Any CPU
		{E97AA9EE-E123-437D-89F4-34BBBA93269B}.Debug|Any CPU.Build.0 = Debug|Any CPU
		{E97AA9EE-E123-437D-89F4-34BBBA93269B}.Release|Any CPU.ActiveCfg = Release|Any CPU
		{E97AA9EE-E123-437D-89F4-34BBBA93269B}.Release|Any CPU.Build.0 = Release|Any CPU
		{16CF63D2-0E72-431D-8DDA-9815289AB9C5}.Debug|Any CPU.ActiveCfg = Debug|Any CPU
		{16CF63D2-0E72-431D-8DDA-9815289AB9C5}.Debug|Any CPU.Build.0 = Debug|Any CPU
		{16CF63D2-0E72-431D-8DDA-9815289AB9C5}.Release|Any CPU.ActiveCfg = Release|Any CPU
		{16CF63D2-0E72-431D-8DDA-9815289AB9C5}.Release|Any CPU.Build.0 = Release|Any CPU
		{4805C736-02C0-459E-8C19-31F7B1F10DDB}.Debug|Any CPU.ActiveCfg = Debug|Any CPU
		{4805C736-02C0-459E-8C19-31F7B1F10DDB}.Debug|Any CPU.Build.0 = Debug|Any CPU
		{4805C736-02C0-459E-8C19-31F7B1F10DDB}.Release|Any CPU.ActiveCfg = Release|Any CPU
		{4805C736-02C0-459E-8C19-31F7B1F10DDB}.Release|Any CPU.Build.0 = Release|Any CPU
		{2BE9027C-1BA4-4B4C-84DE-D180A3073ED4}.Debug|Any CPU.ActiveCfg = Debug|Any CPU
		{2BE9027C-1BA4-4B4C-84DE-D180A3073ED4}.Debug|Any CPU.Build.0 = Debug|Any CPU
		{2BE9027C-1BA4-4B4C-84DE-D180A3073ED4}.Release|Any CPU.ActiveCfg = Release|Any CPU
		{2BE9027C-1BA4-4B4C-84DE-D180A3073ED4}.Release|Any CPU.Build.0 = Release|Any CPU
	EndGlobalSection
	GlobalSection(SolutionProperties) = preSolution
		HideSolutionNode = FALSE
	EndGlobalSection
	GlobalSection(NestedProjects) = preSolution
		{B01E809A-DDF8-465F-9707-E59981232591} = {23EAFDB2-B6CE-4B02-BA61-0652D8BC4839}
		{216C7135-4C37-4921-87F0-6E908A2F251D} = {B01E809A-DDF8-465F-9707-E59981232591}
		{4A886B16-50FD-4EC5-941D-8912FD70418F} = {5279CA61-193A-4503-823C-126E4721B452}
		{FCFFE2B5-096C-43FF-9D90-E3133003DBFC} = {7FA0DBBD-3CF9-4161-93EC-FFA8D3C27181}
		{958F3BC9-8BFD-46D9-A7B5-944DBE6BD50A} = {23EAFDB2-B6CE-4B02-BA61-0652D8BC4839}
		{092F51C4-6470-4049-B092-F331B6C6B9B0} = {958F3BC9-8BFD-46D9-A7B5-944DBE6BD50A}
		{D9F44860-AB43-4490-AC2E-395F19659C7F} = {23EAFDB2-B6CE-4B02-BA61-0652D8BC4839}
		{6FC08281-E69D-4B1F-BC2C-A5EB9EB345EB} = {D9F44860-AB43-4490-AC2E-395F19659C7F}
		{B378CC68-E720-4794-9F94-8E214BE31E13} = {23EAFDB2-B6CE-4B02-BA61-0652D8BC4839}
		{8BD650B6-A717-41F7-BFBD-91197DBE99B2} = {B378CC68-E720-4794-9F94-8E214BE31E13}
		{E46DBF32-023B-4A39-A49F-0C3338658A07} = {23EAFDB2-B6CE-4B02-BA61-0652D8BC4839}
		{E6F4A24D-3A3B-4197-B07A-2FE89E89FC72} = {E46DBF32-023B-4A39-A49F-0C3338658A07}
		{938189D3-184B-4970-9E1B-5B7D6E7397AE} = {E46DBF32-023B-4A39-A49F-0C3338658A07}
		{29EEFB37-378F-48C1-8986-CE3E13A14688} = {E46DBF32-023B-4A39-A49F-0C3338658A07}
		{E97AA9EE-E123-437D-89F4-34BBBA93269B} = {E46DBF32-023B-4A39-A49F-0C3338658A07}
		{16CF63D2-0E72-431D-8DDA-9815289AB9C5} = {E46DBF32-023B-4A39-A49F-0C3338658A07}
		{B204B064-D297-40A5-B322-EA92C81DD11C} = {23EAFDB2-B6CE-4B02-BA61-0652D8BC4839}
		{4805C736-02C0-459E-8C19-31F7B1F10DDB} = {B204B064-D297-40A5-B322-EA92C81DD11C}
		{2BE9027C-1BA4-4B4C-84DE-D180A3073ED4} = {C0A63618-1DF8-41D1-80A5-BC0958F15838}
	EndGlobalSection
	GlobalSection(ExtensibilityGlobals) = postSolution
		SolutionGuid = {8428A3B2-CDF2-4A4C-97E5-F16D73444068}
	EndGlobalSection
EndGlobal
